
Microsoft Visual Studio Solution File, Format Version 12.00
# Visual Studio Version 17
VisualStudioVersion = 17.8.34309.116
MinimumVisualStudioVersion = 10.0.40219.1
Project("{FAE04EC0-301F-11D3-BF4B-00C04F79EFBC}") = "e-commerceProject", "e-commerceProject\e-commerceProject.csproj", "{B0B76591-4FB5-46FF-B046-82CD1D93D004}"
EndProject
Global
	GlobalSection(SolutionConfigurationPlatforms) = preSolution
		Debug|Any CPU = Debug|Any CPU
		Release|Any CPU = Release|Any CPU
	EndGlobalSection
	GlobalSection(ProjectConfigurationPlatforms) = postSolution
		{B0B76591-4FB5-46FF-B046-82CD1D93D004}.Debug|Any CPU.ActiveCfg = Debug|Any CPU
		{B0B76591-4FB5-46FF-B046-82CD1D93D004}.Debug|Any CPU.Build.0 = Debug|Any CPU
		{B0B76591-4FB5-46FF-B046-82CD1D93D004}.Release|Any CPU.ActiveCfg = Release|Any CPU
		{B0B76591-4FB5-46FF-B046-82CD1D93D004}.Release|Any CPU.Build.0 = Release|Any CPU
	EndGlobalSection
	GlobalSection(SolutionProperties) = preSolution
		HideSolutionNode = FALSE
	EndGlobalSection
	GlobalSection(ExtensibilityGlobals) = postSolution
		SolutionGuid = {D33D1B60-45DD-4157-A017-67519E05BA80}
	EndGlobalSection
EndGlobal
